
Microsoft Visual Studio Solution File, Format Version 12.00
# Visual Studio Version 17
VisualStudioVersion = 17.14.36119.2 d17.14
MinimumVisualStudioVersion = 10.0.40219.1
Project("{FAE04EC0-301F-11D3-BF4B-00C04F79EFBC}") = "DevStreamInventory", "DevStreamInventory\DevStreamInventory.csproj", "{1481A8F2-2181-428C-8279-D150E6978D24}"
EndProject
Global
	GlobalSection(SolutionConfigurationPlatforms) = preSolution
		Debug|Any CPU = Debug|Any CPU
		Release|Any CPU = Release|Any CPU
	EndGlobalSection
	GlobalSection(ProjectConfigurationPlatforms) = postSolution
		{1481A8F2-2181-428C-8279-D150E6978D24}.Debug|Any CPU.ActiveCfg = Debug|Any CPU
		{1481A8F2-2181-428C-8279-D150E6978D24}.Debug|Any CPU.Build.0 = Debug|Any CPU
		{1481A8F2-2181-428C-8279-D150E6978D24}.Release|Any CPU.ActiveCfg = Release|Any CPU
		{1481A8F2-2181-428C-8279-D150E6978D24}.Release|Any CPU.Build.0 = Release|Any CPU
	EndGlobalSection
	GlobalSection(SolutionProperties) = preSolution
		HideSolutionNode = FALSE
	EndGlobalSection
	GlobalSection(ExtensibilityGlobals) = postSolution
		SolutionGuid = {BC64D281-2BAB-4DE5-820A-91C1EAB0100B}
	EndGlobalSection
EndGlobal
